
Microsoft Visual Studio Solution File, Format Version 12.00
# Visual Studio Version 16
VisualStudioVersion = 16.0.30128.74
MinimumVisualStudioVersion = 10.0.40219.1
Project("{FAE04EC0-301F-11D3-BF4B-00C04F79EFBC}") = "Vidly", "Vidly\Vidly.csproj", "{856D181C-FBB5-4578-92C9-E672127234D2}"
EndProject
Global
	GlobalSection(SolutionConfigurationPlatforms) = preSolution
		Debug|Any CPU = Debug|Any CPU
		Release|Any CPU = Release|Any CPU
	EndGlobalSection
	GlobalSection(ProjectConfigurationPlatforms) = postSolution
		{856D181C-FBB5-4578-92C9-E672127234D2}.Debug|Any CPU.ActiveCfg = Debug|Any CPU
		{856D181C-FBB5-4578-92C9-E672127234D2}.Debug|Any CPU.Build.0 = Debug|Any CPU
		{856D181C-FBB5-4578-92C9-E672127234D2}.Release|Any CPU.ActiveCfg = Release|Any CPU
		{856D181C-FBB5-4578-92C9-E672127234D2}.Release|Any CPU.Build.0 = Release|Any CPU
	EndGlobalSection
	GlobalSection(SolutionProperties) = preSolution
		HideSolutionNode = FALSE
	EndGlobalSection
	GlobalSection(ExtensibilityGlobals) = postSolution
		SolutionGuid = {BC0C8128-8FE3-4755-8814-94C33FB9FC13}
	EndGlobalSection
EndGlobal
